
Microsoft Visual Studio Solution File, Format Version 12.00
# Visual Studio Version 17
VisualStudioVersion = 17.8.34330.188
MinimumVisualStudioVersion = 10.0.40219.1
Project("{8BC9CEB8-8B4A-11D0-8D11-00A0C91BC942}") = "ex1", "LabWork78.vcxproj", "{EEA511A1-BA0D-4858-B566-95BAE85E40D8}"
EndProject
Project("{8BC9CEB8-8B4A-11D0-8D11-00A0C91BC942}") = "ex2", "..\ex2\ex2.vcxproj", "{078023AB-1DEF-492B-836E-7D9E0795594E}"
EndProject
Global
	GlobalSection(SolutionConfigurationPlatforms) = preSolution
		Debug|x64 = Debug|x64
		Debug|x86 = Debug|x86
		Release|x64 = Release|x64
		Release|x86 = Release|x86
	EndGlobalSection
	GlobalSection(ProjectConfigurationPlatforms) = postSolution
		{EEA511A1-BA0D-4858-B566-95BAE85E40D8}.Debug|x64.ActiveCfg = Debug|x64
		{EEA511A1-BA0D-4858-B566-95BAE85E40D8}.Debug|x64.Build.0 = Debug|x64
		{EEA511A1-BA0D-4858-B566-95BAE85E40D8}.Debug|x86.ActiveCfg = Debug|Win32
		{EEA511A1-BA0D-4858-B566-95BAE85E40D8}.Debug|x86.Build.0 = Debug|Win32
		{EEA511A1-BA0D-4858-B566-95BAE85E40D8}.Release|x64.ActiveCfg = Release|x64
		{EEA511A1-BA0D-4858-B566-95BAE85E40D8}.Release|x64.Build.0 = Release|x64
		{EEA511A1-BA0D-4858-B566-95BAE85E40D8}.Release|x86.ActiveCfg = Release|Win32
		{EEA511A1-BA0D-4858-B566-95BAE85E40D8}.Release|x86.Build.0 = Release|Win32
		{078023AB-1DEF-492B-836E-7D9E0795594E}.Debug|x64.ActiveCfg = Debug|x64
		{078023AB-1DEF-492B-836E-7D9E0795594E}.Debug|x64.Build.0 = Debug|x64
		{078023AB-1DEF-492B-836E-7D9E0795594E}.Debug|x86.ActiveCfg = Debug|Win32
		{078023AB-1DEF-492B-836E-7D9E0795594E}.Debug|x86.Build.0 = Debug|Win32
		{078023AB-1DEF-492B-836E-7D9E0795594E}.Release|x64.ActiveCfg = Release|x64
		{078023AB-1DEF-492B-836E-7D9E0795594E}.Release|x64.Build.0 = Release|x64
		{078023AB-1DEF-492B-836E-7D9E0795594E}.Release|x86.ActiveCfg = Release|Win32
		{078023AB-1DEF-492B-836E-7D9E0795594E}.Release|x86.Build.0 = Release|Win32
	EndGlobalSection
	GlobalSection(SolutionProperties) = preSolution
		HideSolutionNode = FALSE
	EndGlobalSection
	GlobalSection(ExtensibilityGlobals) = postSolution
		SolutionGuid = {228A79D3-8FBC-4286-AEBD-9FFC8B3A4757}
	EndGlobalSection
EndGlobal
