
Microsoft Visual Studio Solution File, Format Version 12.00
# Visual Studio Version 17
VisualStudioVersion = 17.8.34330.188
MinimumVisualStudioVersion = 10.0.40219.1
Project("{8BC9CEB8-8B4A-11D0-8D11-00A0C91BC942}") = "ex1", "LabWork5.vcxproj", "{A0903CEC-AEFD-4C94-A662-0C5E6C078E69}"
EndProject
Project("{8BC9CEB8-8B4A-11D0-8D11-00A0C91BC942}") = "ex2", "..\ex2\ex2.vcxproj", "{D1ABECED-B528-4F0C-A5EF-A3CBC346D8DD}"
EndProject
Project("{8BC9CEB8-8B4A-11D0-8D11-00A0C91BC942}") = "ex3", "..\ex3\ex3.vcxproj", "{0CBE30DD-5134-4BAE-8C10-93DF9028FA81}"
EndProject
Global
	GlobalSection(SolutionConfigurationPlatforms) = preSolution
		Debug|x64 = Debug|x64
		Debug|x86 = Debug|x86
		Release|x64 = Release|x64
		Release|x86 = Release|x86
	EndGlobalSection
	GlobalSection(ProjectConfigurationPlatforms) = postSolution
		{A0903CEC-AEFD-4C94-A662-0C5E6C078E69}.Debug|x64.ActiveCfg = Debug|x64
		{A0903CEC-AEFD-4C94-A662-0C5E6C078E69}.Debug|x64.Build.0 = Debug|x64
		{A0903CEC-AEFD-4C94-A662-0C5E6C078E69}.Debug|x86.ActiveCfg = Debug|Win32
		{A0903CEC-AEFD-4C94-A662-0C5E6C078E69}.Debug|x86.Build.0 = Debug|Win32
		{A0903CEC-AEFD-4C94-A662-0C5E6C078E69}.Release|x64.ActiveCfg = Release|x64
		{A0903CEC-AEFD-4C94-A662-0C5E6C078E69}.Release|x64.Build.0 = Release|x64
		{A0903CEC-AEFD-4C94-A662-0C5E6C078E69}.Release|x86.ActiveCfg = Release|Win32
		{A0903CEC-AEFD-4C94-A662-0C5E6C078E69}.Release|x86.Build.0 = Release|Win32
		{D1ABECED-B528-4F0C-A5EF-A3CBC346D8DD}.Debug|x64.ActiveCfg = Debug|x64
		{D1ABECED-B528-4F0C-A5EF-A3CBC346D8DD}.Debug|x64.Build.0 = Debug|x64
		{D1ABECED-B528-4F0C-A5EF-A3CBC346D8DD}.Debug|x86.ActiveCfg = Debug|Win32
		{D1ABECED-B528-4F0C-A5EF-A3CBC346D8DD}.Debug|x86.Build.0 = Debug|Win32
		{D1ABECED-B528-4F0C-A5EF-A3CBC346D8DD}.Release|x64.ActiveCfg = Release|x64
		{D1ABECED-B528-4F0C-A5EF-A3CBC346D8DD}.Release|x64.Build.0 = Release|x64
		{D1ABECED-B528-4F0C-A5EF-A3CBC346D8DD}.Release|x86.ActiveCfg = Release|Win32
		{D1ABECED-B528-4F0C-A5EF-A3CBC346D8DD}.Release|x86.Build.0 = Release|Win32
		{0CBE30DD-5134-4BAE-8C10-93DF9028FA81}.Debug|x64.ActiveCfg = Debug|x64
		{0CBE30DD-5134-4BAE-8C10-93DF9028FA81}.Debug|x64.Build.0 = Debug|x64
		{0CBE30DD-5134-4BAE-8C10-93DF9028FA81}.Debug|x86.ActiveCfg = Debug|Win32
		{0CBE30DD-5134-4BAE-8C10-93DF9028FA81}.Debug|x86.Build.0 = Debug|Win32
		{0CBE30DD-5134-4BAE-8C10-93DF9028FA81}.Release|x64.ActiveCfg = Release|x64
		{0CBE30DD-5134-4BAE-8C10-93DF9028FA81}.Release|x64.Build.0 = Release|x64
		{0CBE30DD-5134-4BAE-8C10-93DF9028FA81}.Release|x86.ActiveCfg = Release|Win32
		{0CBE30DD-5134-4BAE-8C10-93DF9028FA81}.Release|x86.Build.0 = Release|Win32
	EndGlobalSection
	GlobalSection(SolutionProperties) = preSolution
		HideSolutionNode = FALSE
	EndGlobalSection
	GlobalSection(ExtensibilityGlobals) = postSolution
		SolutionGuid = {32A78E72-6225-4166-AEE0-660421E68EAA}
	EndGlobalSection
EndGlobal
